
Microsoft Visual Studio Solution File, Format Version 12.00
# Visual Studio Version 17
VisualStudioVersion = 17.2.32526.322
MinimumVisualStudioVersion = 10.0.40219.1
Project("{FAE04EC0-301F-11D3-BF4B-00C04F79EFBC}") = "Serialize", "TestSerialize\Serialize.csproj", "{895D5021-E017-4819-9B8C-BAE8B5235212}"
EndProject
Global
	GlobalSection(SolutionConfigurationPlatforms) = preSolution
		Debug|Any CPU = Debug|Any CPU
		Release|Any CPU = Release|Any CPU
	EndGlobalSection
	GlobalSection(ProjectConfigurationPlatforms) = postSolution
		{895D5021-E017-4819-9B8C-BAE8B5235212}.Debug|Any CPU.ActiveCfg = Debug|Any CPU
		{895D5021-E017-4819-9B8C-BAE8B5235212}.Debug|Any CPU.Build.0 = Debug|Any CPU
		{895D5021-E017-4819-9B8C-BAE8B5235212}.Release|Any CPU.ActiveCfg = Release|Any CPU
		{895D5021-E017-4819-9B8C-BAE8B5235212}.Release|Any CPU.Build.0 = Release|Any CPU
	EndGlobalSection
	GlobalSection(SolutionProperties) = preSolution
		HideSolutionNode = FALSE
	EndGlobalSection
	GlobalSection(ExtensibilityGlobals) = postSolution
		SolutionGuid = {0F461B03-F67E-43D7-8C4C-3054CADE26CF}
	EndGlobalSection
EndGlobal
